
Microsoft Visual Studio Solution File, Format Version 12.00
# Visual Studio 2012
Project("{FAE04EC0-301F-11D3-BF4B-00C04F79EFBC}") = "MadBidFetcher", "MadBidFetcher\MadBidFetcher.csproj", "{84C15079-C47B-4560-A568-D263C1A4AAA7}"
EndProject
Project("{FAE04EC0-301F-11D3-BF4B-00C04F79EFBC}") = "ConsoleRunner", "ConsoleRunner\ConsoleRunner.csproj", "{CEB90E07-4E53-46B9-9E0A-EFE194E07730}"
EndProject
Project("{FAE04EC0-301F-11D3-BF4B-00C04F79EFBC}") = "WebApi", "WebApi\WebApi.csproj", "{1DF8FF77-D981-4AA1-8091-240E33375A8A}"
EndProject
Global
	GlobalSection(SolutionConfigurationPlatforms) = preSolution
		Debug|Any CPU = Debug|Any CPU
		Release|Any CPU = Release|Any CPU
	EndGlobalSection
	GlobalSection(ProjectConfigurationPlatforms) = postSolution
		{84C15079-C47B-4560-A568-D263C1A4AAA7}.Debug|Any CPU.ActiveCfg = Debug|Any CPU
		{84C15079-C47B-4560-A568-D263C1A4AAA7}.Debug|Any CPU.Build.0 = Debug|Any CPU
		{84C15079-C47B-4560-A568-D263C1A4AAA7}.Release|Any CPU.ActiveCfg = Release|Any CPU
		{84C15079-C47B-4560-A568-D263C1A4AAA7}.Release|Any CPU.Build.0 = Release|Any CPU
		{CEB90E07-4E53-46B9-9E0A-EFE194E07730}.Debug|Any CPU.ActiveCfg = Debug|Any CPU
		{CEB90E07-4E53-46B9-9E0A-EFE194E07730}.Debug|Any CPU.Build.0 = Debug|Any CPU
		{CEB90E07-4E53-46B9-9E0A-EFE194E07730}.Release|Any CPU.ActiveCfg = Release|Any CPU
		{CEB90E07-4E53-46B9-9E0A-EFE194E07730}.Release|Any CPU.Build.0 = Release|Any CPU
		{1DF8FF77-D981-4AA1-8091-240E33375A8A}.Debug|Any CPU.ActiveCfg = Debug|Any CPU
		{1DF8FF77-D981-4AA1-8091-240E33375A8A}.Debug|Any CPU.Build.0 = Debug|Any CPU
		{1DF8FF77-D981-4AA1-8091-240E33375A8A}.Release|Any CPU.ActiveCfg = Release|Any CPU
		{1DF8FF77-D981-4AA1-8091-240E33375A8A}.Release|Any CPU.Build.0 = Release|Any CPU
	EndGlobalSection
	GlobalSection(SolutionProperties) = preSolution
		HideSolutionNode = FALSE
	EndGlobalSection
EndGlobal
